// !$*UTF8*$!
{
	archiveVersion = 1;
	classes = {
	};
	objectVersion = 46;
	objects = {

/* Begin PBXBuildFile section */
		2B381FAA1C745056002CE0B6 /* Vector.h in Headers */ = {isa = PBXBuildFile; fileRef = 2B381FA91C745056002CE0B6 /* Vector.h */; settings = {ATTRIBUTES = (Public, ); }; };
		2B381FB11C745056002CE0B6 /* Vector.framework in Frameworks */ = {isa = PBXBuildFile; fileRef = 2B381FA61C745056002CE0B6 /* Vector.framework */; };
		2B381FB61C745056002CE0B6 /* VectorTests.m in Sources */ = {isa = PBXBuildFile; fileRef = 2B381FB51C745056002CE0B6 /* VectorTests.m */; };
/* End PBXBuildFile section */

/* Begin PBXContainerItemProxy section */
		2B381FB21C745056002CE0B6 /* PBXContainerItemProxy */ = {
			isa = PBXContainerItemProxy;
			containerPortal = 2B381F9D1C745056002CE0B6 /* Project object */;
			proxyType = 1;
			remoteGlobalIDString = 2B381FA51C745056002CE0B6;
			remoteInfo = Vector;
		};
/* End PBXContainerItemProxy section */

/* Begin PBXFileReference section */
		2B381FA61C745056002CE0B6 /* Vector.framework */ = {isa = PBXFileReference; explicitFileType = wrapper.framework; includeInIndex = 0; path = Vector.framework; sourceTree = BUILT_PRODUCTS_DIR; };
		2B381FA91C745056002CE0B6 /* Vector.h */ = {isa = PBXFileReference; lastKnownFileType = sourcecode.c.h; path = Vector.h; sourceTree = "<group>"; };
		2B381FAB1C745056002CE0B6 /* Info.plist */ = {isa = PBXFileReference; lastKnownFileType = text.plist.xml; path = Info.plist; sourceTree = "<group>"; };
		2B381FB01C745056002CE0B6 /* VectorTests.xctest */ = {isa = PBXFileReference; explicitFileType = wrapper.cfbundle; includeInIndex = 0; path = VectorTests.xctest; sourceTree = BUILT_PRODUCTS_DIR; };
		2B381FB51C745056002CE0B6 /* VectorTests.m */ = {isa = PBXFileReference; lastKnownFileType = sourcecode.c.objc; path = VectorTests.m; sourceTree = "<group>"; };
		2B381FB71C745056002CE0B6 /* Info.plist */ = {isa = PBXFileReference; lastKnownFileType = text.plist.xml; path = Info.plist; sourceTree = "<group>"; };
/* End PBXFileReference section */

/* Begin PBXFrameworksBuildPhase section */
		2B381FA21C745056002CE0B6 /* Frameworks */ = {
			isa = PBXFrameworksBuildPhase;
			buildActionMask = 2147483647;
			files = (
			);
			runOnlyForDeploymentPostprocessing = 0;
		};
		2B381FAD1C745056002CE0B6 /* Frameworks */ = {
			isa = PBXFrameworksBuildPhase;
			buildActionMask = 2147483647;
			files = (
				2B381FB11C745056002CE0B6 /* Vector.framework in Frameworks */,
			);
			runOnlyForDeploymentPostprocessing = 0;
		};
/* End PBXFrameworksBuildPhase section */

/* Begin PBXGroup section */
		2B381F9C1C745056002CE0B6 = {
			isa = PBXGroup;
			children = (
				2B381FA81C745056002CE0B6 /* Vector */,
				2B381FB41C745056002CE0B6 /* VectorTests */,
				2B381FA71C745056002CE0B6 /* Products */,
			);
			sourceTree = "<group>";
		};
		2B381FA71C745056002CE0B6 /* Products */ = {
			isa = PBXGroup;
			children = (
				2B381FA61C745056002CE0B6 /* Vector.framework */,
				2B381FB01C745056002CE0B6 /* VectorTests.xctest */,
			);
			name = Products;
			sourceTree = "<group>";
		};
		2B381FA81C745056002CE0B6 /* Vector */ = {
			isa = PBXGroup;
			children = (
				2B381FA91C745056002CE0B6 /* Vector.h */,
				2B381FAB1C745056002CE0B6 /* Info.plist */,
			);
			path = Vector;
			sourceTree = "<group>";
		};
		2B381FB41C745056002CE0B6 /* VectorTests */ = {
			isa = PBXGroup;
			children = (
				2B381FB51C745056002CE0B6 /* VectorTests.m */,
				2B381FB71C745056002CE0B6 /* Info.plist */,
			);
			path = VectorTests;
			sourceTree = "<group>";
		};
/* End PBXGroup section */

/* Begin PBXHeadersBuildPhase section */
		2B381FA31C745056002CE0B6 /* Headers */ = {
			isa = PBXHeadersBuildPhase;
			buildActionMask = 2147483647;
			files = (
				2B381FAA1C745056002CE0B6 /* Vector.h in Headers */,
			);
			runOnlyForDeploymentPostprocessing = 0;
		};
/* End PBXHeadersBuildPhase section */

/* Begin PBXNativeTarget section */
		2B381FA51C745056002CE0B6 /* Vector */ = {
			isa = PBXNativeTarget;
			buildConfigurationList = 2B381FBA1C745056002CE0B6 /* Build configuration list for PBXNativeTarget "Vector" */;
			buildPhases = (
				2B381FA11C745056002CE0B6 /* Sources */,
				2B381FA21C745056002CE0B6 /* Frameworks */,
				2B381FA31C745056002CE0B6 /* Headers */,
				2B381FA41C745056002CE0B6 /* Resources */,
			);
			buildRules = (
			);
			dependencies = (
			);
			name = Vector;
			productName = Vector;
			productReference = 2B381FA61C745056002CE0B6 /* Vector.framework */;
			productType = "com.apple.product-type.framework";
		};
		2B381FAF1C745056002CE0B6 /* VectorTests */ = {
			isa = PBXNativeTarget;
			buildConfigurationList = 2B381FBD1C745056002CE0B6 /* Build configuration list for PBXNativeTarget "VectorTests" */;
			buildPhases = (
				2B381FAC1C745056002CE0B6 /* Sources */,
				2B381FAD1C745056002CE0B6 /* Frameworks */,
				2B381FAE1C745056002CE0B6 /* Resources */,
			);
			buildRules = (
			);
			dependencies = (
				2B381FB31C745056002CE0B6 /* PBXTargetDependency */,
			);
			name = VectorTests;
			productName = VectorTests;
			productReference = 2B381FB01C745056002CE0B6 /* VectorTests.xctest */;
			productType = "com.apple.product-type.bundle.unit-test";
		};
/* End PBXNativeTarget section */

/* Begin PBXProject section */
		2B381F9D1C745056002CE0B6 /* Project object */ = {
			isa = PBXProject;
			attributes = {
				LastUpgradeCheck = 0720;
				ORGANIZATIONNAME = simplydesigner;
				TargetAttributes = {
					2B381FA51C745056002CE0B6 = {
						CreatedOnToolsVersion = 7.2;
					};
					2B381FAF1C745056002CE0B6 = {
						CreatedOnToolsVersion = 7.2;
					};
				};
			};
			buildConfigurationList = 2B381FA01C745056002CE0B6 /* Build configuration list for PBXProject "Vector" */;
			compatibilityVersion = "Xcode 3.2";
			developmentRegion = English;
			hasScannedForEncodings = 0;
			knownRegions = (
				en,
			);
			mainGroup = 2B381F9C1C745056002CE0B6;
			productRefGroup = 2B381FA71C745056002CE0B6 /* Products */;
			projectDirPath = "";
			projectRoot = "";
			targets = (
				2B381FA51C745056002CE0B6 /* Vector */,
				2B381FAF1C745056002CE0B6 /* VectorTests */,
			);
		};
/* End PBXProject section */

/* Begin PBXResourcesBuildPhase section */
		2B381FA41C745056002CE0B6 /* Resources */ = {
			isa = PBXResourcesBuildPhase;
			buildActionMask = 2147483647;
			files = (
			);
			runOnlyForDeploymentPostprocessing = 0;
		};
		2B381FAE1C745056002CE0B6 /* Resources */ = {
			isa = PBXResourcesBuildPhase;
			buildActionMask = 2147483647;
			files = (
			);
			runOnlyForDeploymentPostprocessing = 0;
		};
/* End PBXResourcesBuildPhase section */

/* Begin PBXSourcesBuildPhase section */
		2B381FA11C745056002CE0B6 /* Sources */ = {
			isa = PBXSourcesBuildPhase;
			buildActionMask = 2147483647;
			files = (
			);
			runOnlyForDeploymentPostprocessing = 0;
		};
		2B381FAC1C745056002CE0B6 /* Sources */ = {
			isa = PBXSourcesBuildPhase;
			buildActionMask = 2147483647;
			files = (
				2B381FB61C745056002CE0B6 /* VectorTests.m in Sources */,
			);
			runOnlyForDeploymentPostprocessing = 0;
		};
/* End PBXSourcesBuildPhase section */

/* Begin PBXTargetDependency section */
		2B381FB31C745056002CE0B6 /* PBXTargetDependency */ = {
			isa = PBXTargetDependency;
			target = 2B381FA51C745056002CE0B6 /* Vector */;
			targetProxy = 2B381FB21C745056002CE0B6 /* PBXContainerItemProxy */;
		};
/* End PBXTargetDependency section */

/* Begin XCBuildConfiguration section */
		2B381FB81C745056002CE0B6 /* Debug */ = {
			isa = XCBuildConfiguration;
			buildSettings = {
				ALWAYS_SEARCH_USER_PATHS = NO;
				CLANG_CXX_LANGUAGE_STANDARD = "gnu++0x";
				CLANG_CXX_LIBRARY = "libc++";
				CLANG_ENABLE_MODULES = YES;
				CLANG_ENABLE_OBJC_ARC = YES;
				CLANG_WARN_BOOL_CONVERSION = YES;
				CLANG_WARN_CONSTANT_CONVERSION = YES;
				CLANG_WARN_DIRECT_OBJC_ISA_USAGE = YES_ERROR;
				CLANG_WARN_EMPTY_BODY = YES;
				CLANG_WARN_ENUM_CONVERSION = YES;
				CLANG_WARN_INT_CONVERSION = YES;
				CLANG_WARN_OBJC_ROOT_CLASS = YES_ERROR;
				CLANG_WARN_UNREACHABLE_CODE = YES;
				CLANG_WARN__DUPLICATE_METHOD_MATCH = YES;
				CODE_SIGN_IDENTITY = "-";
				COPY_PHASE_STRIP = NO;
				CURRENT_PROJECT_VERSION = 1;
				DEBUG_INFORMATION_FORMAT = dwarf;
				ENABLE_STRICT_OBJC_MSGSEND = YES;
				ENABLE_TESTABILITY = YES;
				GCC_C_LANGUAGE_STANDARD = gnu99;
				GCC_DYNAMIC_NO_PIC = NO;
				GCC_NO_COMMON_BLOCKS = YES;
				GCC_OPTIMIZATION_LEVEL = 0;
				GCC_PREPROCESSOR_DEFINITIONS = (
					"DEBUG=1",
					"$(inherited)",
				);
				GCC_WARN_64_TO_32_BIT_CONVERSION = YES;
				GCC_WARN_ABOUT_RETURN_TYPE = YES_ERROR;
				GCC_WARN_UNDECLARED_SELECTOR = YES;
				GCC_WARN_UNINITIALIZED_AUTOS = YES_AGGRESSIVE;
				GCC_WARN_UNUSED_FUNCTION = YES;
				GCC_WARN_UNUSED_VARIABLE = YES;
				MACOSX_DEPLOYMENT_TARGET = 10.11;
				MTL_ENABLE_DEBUG_INFO = YES;
				ONLY_ACTIVE_ARCH = YES;
				SDKROOT = macosx;
				VERSIONING_SYSTEM = "apple-generic";
				VERSION_INFO_PREFIX = "";
			};
			name = Debug;
		};
		2B381FB91C745056002CE0B6 /* Release */ = {
			isa = XCBuildConfiguration;
			buildSettings = {
				ALWAYS_SEARCH_USER_PATHS = NO;
				CLANG_CXX_LANGUAGE_STANDARD = "gnu++0x";
				CLANG_CXX_LIBRARY = "libc++";
				CLANG_ENABLE_MODULES = YES;
				CLANG_ENABLE_OBJC_ARC = YES;
				CLANG_WARN_BOOL_CONVERSION = YES;
				CLANG_WARN_CONSTANT_CONVERSION = YES;
				CLANG_WARN_DIRECT_OBJC_ISA_USAGE = YES_ERROR;
				CLANG_WARN_EMPTY_BODY = YES;
				CLANG_WARN_ENUM_CONVERSION = YES;
				CLANG_WARN_INT_CONVERSION = YES;
				CLANG_WARN_OBJC_ROOT_CLASS = YES_ERROR;
				CLANG_WARN_UNREACHABLE_CODE = YES;
				CLANG_WARN__DUPLICATE_METHOD_MATCH = YES;
				CODE_SIGN_IDENTITY = "-";
				COPY_PHASE_STRIP = NO;
				CURRENT_PROJECT_VERSION = 1;
				DEBUG_INFORMATION_FORMAT = "dwarf-with-dsym";
				ENABLE_NS_ASSERTIONS = NO;
				ENABLE_STRICT_OBJC_MSGSEND = YES;
				GCC_C_LANGUAGE_STANDARD = gnu99;
				GCC_NO_COMMON_BLOCKS = YES;
				GCC_WARN_64_TO_32_BIT_CONVERSION = YES;
				GCC_WARN_ABOUT_RETURN_TYPE = YES_ERROR;
				GCC_WARN_UNDECLARED_SELECTOR = YES;
				GCC_WARN_UNINITIALIZED_AUTOS = YES_AGGRESSIVE;
				GCC_WARN_UNUSED_FUNCTION = YES;
				GCC_WARN_UNUSED_VARIABLE = YES;
				MACOSX_DEPLOYMENT_TARGET = 10.11;
				MTL_ENABLE_DEBUG_INFO = NO;
				SDKROOT = macosx;
				VERSIONING_SYSTEM = "apple-generic";
				VERSION_INFO_PREFIX = "";
			};
			name = Release;
		};
		2B381FBB1C745056002CE0B6 /* Debug */ = {
			isa = XCBuildConfiguration;
			buildSettings = {
				COMBINE_HIDPI_IMAGES = YES;
				DEFINES_MODULE = YES;
				DYLIB_COMPATIBILITY_VERSION = 1;
				DYLIB_CURRENT_VERSION = 1;
				DYLIB_INSTALL_NAME_BASE = "@rpath";
				FRAMEWORK_VERSION = A;
				INFOPLIST_FILE = Vector/Info.plist;
				INSTALL_PATH = "$(LOCAL_LIBRARY_DIR)/Frameworks";
				LD_RUNPATH_SEARCH_PATHS = "$(inherited) @executable_path/../Frameworks @loader_path/Frameworks";
				PRODUCT_BUNDLE_IDENTIFIER = JD.Vector;
				PRODUCT_NAME = "$(TARGET_NAME)";
				SKIP_INSTALL = YES;
			};
			name = Debug;
		};
		2B381FBC1C745056002CE0B6 /* Release */ = {
			isa = XCBuildConfiguration;
			buildSettings = {
				COMBINE_HIDPI_IMAGES = YES;
				DEFINES_MODULE = YES;
				DYLIB_COMPATIBILITY_VERSION = 1;
				DYLIB_CURRENT_VERSION = 1;
				DYLIB_INSTALL_NAME_BASE = "@rpath";
				FRAMEWORK_VERSION = A;
				INFOPLIST_FILE = Vector/Info.plist;
				INSTALL_PATH = "$(LOCAL_LIBRARY_DIR)/Frameworks";
				LD_RUNPATH_SEARCH_PATHS = "$(inherited) @executable_path/../Frameworks @loader_path/Frameworks";
				PRODUCT_BUNDLE_IDENTIFIER = JD.Vector;
				PRODUCT_NAME = "$(TARGET_NAME)";
				SKIP_INSTALL = YES;
			};
			name = Release;
		};
		2B381FBE1C745056002CE0B6 /* Debug */ = {
			isa = XCBuildConfiguration;
			buildSettings = {
				COMBINE_HIDPI_IMAGES = YES;
				INFOPLIST_FILE = VectorTests/Info.plist;
				LD_RUNPATH_SEARCH_PATHS = "$(inherited) @executable_path/../Frameworks @loader_path/../Frameworks";
				PRODUCT_BUNDLE_IDENTIFIER = JD.VectorTests;
				PRODUCT_NAME = "$(TARGET_NAME)";
			};
			name = Debug;
		};
		2B381FBF1C745056002CE0B6 /* Release */ = {
			isa = XCBuildConfiguration;
			buildSettings = {
				COMBINE_HIDPI_IMAGES = YES;
				INFOPLIST_FILE = VectorTests/Info.plist;
				LD_RUNPATH_SEARCH_PATHS = "$(inherited) @executable_path/../Frameworks @loader_path/../Frameworks";
				PRODUCT_BUNDLE_IDENTIFIER = JD.VectorTests;
				PRODUCT_NAME = "$(TARGET_NAME)";
			};
			name = Release;
		};
/* End XCBuildConfiguration section */

/* Begin XCConfigurationList section */
		2B381FA01C745056002CE0B6 /* Build configuration list for PBXProject "Vector" */ = {
			isa = XCConfigurationList;
			buildConfigurations = (
				2B381FB81C745056002CE0B6 /* Debug */,
				2B381FB91C745056002CE0B6 /* Release */,
			);
			defaultConfigurationIsVisible = 0;
			defaultConfigurationName = Release;
		};
		2B381FBA1C745056002CE0B6 /* Build configuration list for PBXNativeTarget "Vector" */ = {
			isa = XCConfigurationList;
			buildConfigurations = (
				2B381FBB1C745056002CE0B6 /* Debug */,
				2B381FBC1C745056002CE0B6 /* Release */,
			);
			defaultConfigurationIsVisible = 0;
		};
		2B381FBD1C745056002CE0B6 /* Build configuration list for PBXNativeTarget "VectorTests" */ = {
			isa = XCConfigurationList;
			buildConfigurations = (
				2B381FBE1C745056002CE0B6 /* Debug */,
				2B381FBF1C745056002CE0B6 /* Release */,
			);
			defaultConfigurationIsVisible = 0;
		};
/* End XCConfigurationList section */
	};
	rootObject = 2B381F9D1C745056002CE0B6 /* Project object */;
}
